{
  "name": "lab3",
  "version": "1.0.0",
  "lockfileVersion": 1,
  "requires": true,
  "dependencies": {
    "lodash": {
      "version": "3.10.1",
      "resolved": "http://registry.npmjs.org/lodash/-/lodash-3.10.1.tgz",
      "integrity": "sha1-W/Rejkm6QYnhfUgnid/RW9FAt7Y="
    },
    "md5-file": {
      "version": "4.0.0",
      "resolved": "https://registry.npmjs.org/md5-file/-/md5-file-4.0.0.tgz",
      "integrity": "sha512-UC0qFwyAjn4YdPpKaDNw6gNxRf7Mcx7jC1UGCY4boCzgvU2Aoc1mOGzTtrjjLKhM5ivsnhoKpQVxKPp+1j1qwg=="
    },
    "tokenize-text": {
      "version": "1.1.3",
      "resolved": "https://registry.npmjs.org/tokenize-text/-/tokenize-text-1.1.3.tgz",
      "integrity": "sha1-iwWdatojYYQC8TPbOAjjdSXNXns=",
      "requires": {
        "lodash": "^3.2.0"
      }
    }
  }
}
